
Microsoft Visual Studio Solution File, Format Version 12.00
Project("{FAE04EC0-301F-11D3-BF4B-00C04F79EFBC}") = "PrintMe.API", "PrintMe.API\PrintMe.API.csproj", "{CEA6ED2A-C861-4DD2-882D-B61573DE601B}"
EndProject
Project("{FAE04EC0-301F-11D3-BF4B-00C04F79EFBC}") = "PrintMe.Infrastructure", "PrintMe.Infrastructure\PrintMe.Infrastructure.csproj", "{3B9D4AA4-E6CF-436A-9FC0-5D86753D8A7E}"
EndProject
Project("{FAE04EC0-301F-11D3-BF4B-00C04F79EFBC}") = "PrintMe.Application", "PrintMe.Application\PrintMe.Application.csproj", "{9878C428-4204-414E-8135-69A0C91164BB}"
EndProject
Project("{2150E333-8FDC-42A3-9474-1A3956D46DE8}") = "tests", "tests", "{FCA684ED-1BC6-412A-985F-FB3C366D7934}"
EndProject
Project("{FAE04EC0-301F-11D3-BF4B-00C04F79EFBC}") = "PrintMe.UnitTests", "PrintMe.UnitTests\PrintMe.UnitTests.csproj", "{7CD85797-733D-492B-9317-11FEF9AF6F6E}"
EndProject
Global
	GlobalSection(SolutionConfigurationPlatforms) = preSolution
		Debug|Any CPU = Debug|Any CPU
		Release|Any CPU = Release|Any CPU
	EndGlobalSection
	GlobalSection(ProjectConfigurationPlatforms) = postSolution
		{CEA6ED2A-C861-4DD2-882D-B61573DE601B}.Debug|Any CPU.ActiveCfg = Debug|Any CPU
		{CEA6ED2A-C861-4DD2-882D-B61573DE601B}.Debug|Any CPU.Build.0 = Debug|Any CPU
		{CEA6ED2A-C861-4DD2-882D-B61573DE601B}.Release|Any CPU.ActiveCfg = Release|Any CPU
		{CEA6ED2A-C861-4DD2-882D-B61573DE601B}.Release|Any CPU.Build.0 = Release|Any CPU
		{3B9D4AA4-E6CF-436A-9FC0-5D86753D8A7E}.Debug|Any CPU.ActiveCfg = Debug|Any CPU
		{3B9D4AA4-E6CF-436A-9FC0-5D86753D8A7E}.Debug|Any CPU.Build.0 = Debug|Any CPU
		{3B9D4AA4-E6CF-436A-9FC0-5D86753D8A7E}.Release|Any CPU.ActiveCfg = Release|Any CPU
		{3B9D4AA4-E6CF-436A-9FC0-5D86753D8A7E}.Release|Any CPU.Build.0 = Release|Any CPU
		{9878C428-4204-414E-8135-69A0C91164BB}.Debug|Any CPU.ActiveCfg = Debug|Any CPU
		{9878C428-4204-414E-8135-69A0C91164BB}.Debug|Any CPU.Build.0 = Debug|Any CPU
		{9878C428-4204-414E-8135-69A0C91164BB}.Release|Any CPU.ActiveCfg = Release|Any CPU
		{9878C428-4204-414E-8135-69A0C91164BB}.Release|Any CPU.Build.0 = Release|Any CPU
		{7CD85797-733D-492B-9317-11FEF9AF6F6E}.Debug|Any CPU.ActiveCfg = Debug|Any CPU
		{7CD85797-733D-492B-9317-11FEF9AF6F6E}.Debug|Any CPU.Build.0 = Debug|Any CPU
		{7CD85797-733D-492B-9317-11FEF9AF6F6E}.Release|Any CPU.ActiveCfg = Release|Any CPU
		{7CD85797-733D-492B-9317-11FEF9AF6F6E}.Release|Any CPU.Build.0 = Release|Any CPU
	EndGlobalSection
	GlobalSection(NestedProjects) = preSolution
		{7CD85797-733D-492B-9317-11FEF9AF6F6E} = {FCA684ED-1BC6-412A-985F-FB3C366D7934}
	EndGlobalSection
EndGlobal
